PODS:
  - Flutter (1.0.0)
  - image_picker (0.0.1):
    - Flutter
  - square_in_app_payments (1.1.0):
    - Flutter
    - SquareInAppPaymentsSDK (= 1.1.1)
  - SquareInAppPaymentsSDK (1.1.1)

DEPENDENCIES:
  - Flutter (from `.symlinks/flutter/ios`)
  - image_picker (from `.symlinks/plugins/image_picker/ios`)
  - square_in_app_payments (from `.symlinks/plugins/square_in_app_payments/ios`)

SPEC REPOS:
  https://github.com/cocoapods/specs.git:
    - SquareInAppPaymentsSDK

EXTERNAL SOURCES:
  Flutter:
    :path: ".symlinks/flutter/ios"
  image_picker:
    :path: ".symlinks/plugins/image_picker/ios"
  square_in_app_payments:
    :path: ".symlinks/plugins/square_in_app_payments/ios"

SPEC CHECKSUMS:
  Flutter: 58dd7d1b27887414a370fcccb9e645c08ffd7a6a
  image_picker: a211f28b95a560433c00f5cd3773f4710a20404d
  square_in_app_payments: 2b32ad70293054023a1f082dd6b23bb3fb50ed8c
  SquareInAppPaymentsSDK: 38ab02659ee1fe8445fef0e4e15026fc31a106f4

PODFILE CHECKSUM: 2d26eaf60b8003833f95ee5b2d79d7d814c85ea2

COCOAPODS: 1.6.1
